
Microsoft Visual Studio Solution File, Format Version 12.00
# Visual Studio Version 16
VisualStudioVersion = 16.0.29911.84
MinimumVisualStudioVersion = 10.0.40219.1
Project("{9A19103F-16F7-4668-BE54-9A1E7A4F7556}") = "HolaMundo", "UnidadI\HolaMundo.csproj", "{F3A0E8CB-3A9C-4AE0-8B6C-DE8F4D931562}"
EndProject
Project("{9A19103F-16F7-4668-BE54-9A1E7A4F7556}") = "AdiosMundo", "AdiosMundo\AdiosMundo.csproj", "{2C7CCC62-9D0B-4407-8713-8914FE9FD6D9}"
EndProject
Project("{9A19103F-16F7-4668-BE54-9A1E7A4F7556}") = "LaVidaEsUnCiclo", "LaVidaEsUnCiclo\LaVidaEsUnCiclo.csproj", "{23C524D0-B632-4DB3-A5CA-A5BDFD9BE710}"
EndProject
Project("{9A19103F-16F7-4668-BE54-9A1E7A4F7556}") = "Cubo", "Cubo\Cubo.csproj", "{6D5B1EC4-DA0C-4B96-88E4-D48FF48FF287}"
EndProject
Project("{9A19103F-16F7-4668-BE54-9A1E7A4F7556}") = "Strings", "Strings\Strings.csproj", "{3CDE2DDA-79D1-468D-8647-2D800D1B6538}"
EndProject
Project("{9A19103F-16F7-4668-BE54-9A1E7A4F7556}") = "Funciones", "Funciones\Funciones.csproj", "{5B085F3F-390C-41EE-9556-B79967ACDD41}"
EndProject
Project("{9A19103F-16F7-4668-BE54-9A1E7A4F7556}") = "Figuras", "Figuras\Figuras.csproj", "{6556E1E8-D087-4FD3-987F-17E66B79D501}"
EndProject
Project("{9A19103F-16F7-4668-BE54-9A1E7A4F7556}") = "GreedyCS", "GreedyCS\GreedyCS.csproj", "{83B54F7B-50E9-4175-894C-C477112CDF65}"
EndProject
Project("{9A19103F-16F7-4668-BE54-9A1E7A4F7556}") = "Arrays", "Arrays\Arrays.csproj", "{BDF571DC-9114-4347-9B14-7D8873DD587F}"
EndProject
Project("{9A19103F-16F7-4668-BE54-9A1E7A4F7556}") = "Matrix", "Matrix\Matrix.csproj", "{90A6348E-C14A-43F2-881A-3A80828A3F71}"
EndProject
Project("{FAE04EC0-301F-11D3-BF4B-00C04F79EFBC}") = "Listas", "Listas\Listas.csproj", "{AD28F311-10D3-45ED-87A6-62D66A0A63D3}"
EndProject
Global
	GlobalSection(SolutionConfigurationPlatforms) = preSolution
		Debug|Any CPU = Debug|Any CPU
		Release|Any CPU = Release|Any CPU
	EndGlobalSection
	GlobalSection(ProjectConfigurationPlatforms) = postSolution
		{F3A0E8CB-3A9C-4AE0-8B6C-DE8F4D931562}.Debug|Any CPU.ActiveCfg = Debug|Any CPU
		{F3A0E8CB-3A9C-4AE0-8B6C-DE8F4D931562}.Debug|Any CPU.Build.0 = Debug|Any CPU
		{F3A0E8CB-3A9C-4AE0-8B6C-DE8F4D931562}.Release|Any CPU.ActiveCfg = Release|Any CPU
		{F3A0E8CB-3A9C-4AE0-8B6C-DE8F4D931562}.Release|Any CPU.Build.0 = Release|Any CPU
		{2C7CCC62-9D0B-4407-8713-8914FE9FD6D9}.Debug|Any CPU.ActiveCfg = Debug|Any CPU
		{2C7CCC62-9D0B-4407-8713-8914FE9FD6D9}.Debug|Any CPU.Build.0 = Debug|Any CPU
		{2C7CCC62-9D0B-4407-8713-8914FE9FD6D9}.Release|Any CPU.ActiveCfg = Release|Any CPU
		{2C7CCC62-9D0B-4407-8713-8914FE9FD6D9}.Release|Any CPU.Build.0 = Release|Any CPU
		{23C524D0-B632-4DB3-A5CA-A5BDFD9BE710}.Debug|Any CPU.ActiveCfg = Debug|Any CPU
		{23C524D0-B632-4DB3-A5CA-A5BDFD9BE710}.Debug|Any CPU.Build.0 = Debug|Any CPU
		{23C524D0-B632-4DB3-A5CA-A5BDFD9BE710}.Release|Any CPU.ActiveCfg = Release|Any CPU
		{23C524D0-B632-4DB3-A5CA-A5BDFD9BE710}.Release|Any CPU.Build.0 = Release|Any CPU
		{6D5B1EC4-DA0C-4B96-88E4-D48FF48FF287}.Debug|Any CPU.ActiveCfg = Debug|Any CPU
		{6D5B1EC4-DA0C-4B96-88E4-D48FF48FF287}.Debug|Any CPU.Build.0 = Debug|Any CPU
		{6D5B1EC4-DA0C-4B96-88E4-D48FF48FF287}.Release|Any CPU.ActiveCfg = Release|Any CPU
		{6D5B1EC4-DA0C-4B96-88E4-D48FF48FF287}.Release|Any CPU.Build.0 = Release|Any CPU
		{3CDE2DDA-79D1-468D-8647-2D800D1B6538}.Debug|Any CPU.ActiveCfg = Debug|Any CPU
		{3CDE2DDA-79D1-468D-8647-2D800D1B6538}.Debug|Any CPU.Build.0 = Debug|Any CPU
		{3CDE2DDA-79D1-468D-8647-2D800D1B6538}.Release|Any CPU.ActiveCfg = Release|Any CPU
		{3CDE2DDA-79D1-468D-8647-2D800D1B6538}.Release|Any CPU.Build.0 = Release|Any CPU
		{5B085F3F-390C-41EE-9556-B79967ACDD41}.Debug|Any CPU.ActiveCfg = Debug|Any CPU
		{5B085F3F-390C-41EE-9556-B79967ACDD41}.Debug|Any CPU.Build.0 = Debug|Any CPU
		{5B085F3F-390C-41EE-9556-B79967ACDD41}.Release|Any CPU.ActiveCfg = Release|Any CPU
		{5B085F3F-390C-41EE-9556-B79967ACDD41}.Release|Any CPU.Build.0 = Release|Any CPU
		{6556E1E8-D087-4FD3-987F-17E66B79D501}.Debug|Any CPU.ActiveCfg = Debug|Any CPU
		{6556E1E8-D087-4FD3-987F-17E66B79D501}.Debug|Any CPU.Build.0 = Debug|Any CPU
		{6556E1E8-D087-4FD3-987F-17E66B79D501}.Release|Any CPU.ActiveCfg = Release|Any CPU
		{6556E1E8-D087-4FD3-987F-17E66B79D501}.Release|Any CPU.Build.0 = Release|Any CPU
		{83B54F7B-50E9-4175-894C-C477112CDF65}.Debug|Any CPU.ActiveCfg = Debug|Any CPU
		{83B54F7B-50E9-4175-894C-C477112CDF65}.Debug|Any CPU.Build.0 = Debug|Any CPU
		{83B54F7B-50E9-4175-894C-C477112CDF65}.Release|Any CPU.ActiveCfg = Release|Any CPU
		{83B54F7B-50E9-4175-894C-C477112CDF65}.Release|Any CPU.Build.0 = Release|Any CPU
		{BDF571DC-9114-4347-9B14-7D8873DD587F}.Debug|Any CPU.ActiveCfg = Debug|Any CPU
		{BDF571DC-9114-4347-9B14-7D8873DD587F}.Debug|Any CPU.Build.0 = Debug|Any CPU
		{BDF571DC-9114-4347-9B14-7D8873DD587F}.Release|Any CPU.ActiveCfg = Release|Any CPU
		{BDF571DC-9114-4347-9B14-7D8873DD587F}.Release|Any CPU.Build.0 = Release|Any CPU
		{90A6348E-C14A-43F2-881A-3A80828A3F71}.Debug|Any CPU.ActiveCfg = Debug|Any CPU
		{90A6348E-C14A-43F2-881A-3A80828A3F71}.Debug|Any CPU.Build.0 = Debug|Any CPU
		{90A6348E-C14A-43F2-881A-3A80828A3F71}.Release|Any CPU.ActiveCfg = Release|Any CPU
		{90A6348E-C14A-43F2-881A-3A80828A3F71}.Release|Any CPU.Build.0 = Release|Any CPU
		{AD28F311-10D3-45ED-87A6-62D66A0A63D3}.Debug|Any CPU.ActiveCfg = Debug|Any CPU
		{AD28F311-10D3-45ED-87A6-62D66A0A63D3}.Debug|Any CPU.Build.0 = Debug|Any CPU
		{AD28F311-10D3-45ED-87A6-62D66A0A63D3}.Release|Any CPU.ActiveCfg = Release|Any CPU
		{AD28F311-10D3-45ED-87A6-62D66A0A63D3}.Release|Any CPU.Build.0 = Release|Any CPU
	EndGlobalSection
	GlobalSection(SolutionProperties) = preSolution
		HideSolutionNode = FALSE
	EndGlobalSection
	GlobalSection(ExtensibilityGlobals) = postSolution
		SolutionGuid = {71919C5F-87F8-468E-86E2-E14CDF1AAF95}
	EndGlobalSection
EndGlobal
